
Microsoft Visual Studio Solution File, Format Version 11.00
# Visual Studio 2010
Project("{FAE04EC0-301F-11D3-BF4B-00C04F79EFBC}") = "SnarlInterface", "SnarlInterface\SnarlInterface.csproj", "{DB1CE585-20A1-497D-9B67-BDEFDCB59755}"
EndProject
Project("{FAE04EC0-301F-11D3-BF4B-00C04F79EFBC}") = "SnarlInterfaceTest", "SnarlInterfaceTest\SnarlInterfaceTest.csproj", "{9E8BB8DF-3939-4404-A7D2-0B36F47F1F64}"
EndProject
Project("{FAE04EC0-301F-11D3-BF4B-00C04F79EFBC}") = "SnarlInterfaceUnitTest", "SnarlInterfaceUnitTest\SnarlInterfaceUnitTest.csproj", "{41C091E9-FC0A-4462-B2ED-C2E23F518C15}"
EndProject
Project("{2150E333-8FDC-42A3-9474-1A3956D46DE8}") = "Solution Items", "Solution Items", "{DE38403F-286B-4C5F-804C-C40CDF2BF78F}"
	ProjectSection(SolutionItems) = preProject
		Local.testsettings = Local.testsettings
		SnarlInterface.vsmdi = SnarlInterface.vsmdi
		TraceAndTestImpact.testsettings = TraceAndTestImpact.testsettings
	EndProjectSection
EndProject
Project("{FAE04EC0-301F-11D3-BF4B-00C04F79EFBC}") = "SnarlInterfaceExample1", "SnarlInterfaceExample1\SnarlInterfaceExample1.csproj", "{E16A4B28-A77D-49B2-B6AF-656FBE3A96E8}"
EndProject
Global
	GlobalSection(TestCaseManagementSettings) = postSolution
		CategoryFile = SnarlInterface.vsmdi
	EndGlobalSection
	GlobalSection(SolutionConfigurationPlatforms) = preSolution
		Debug|Any CPU = Debug|Any CPU
		Debug|Mixed Platforms = Debug|Mixed Platforms
		Debug|x64 = Debug|x64
		Debug|x86 = Debug|x86
		Release|Any CPU = Release|Any CPU
		Release|Mixed Platforms = Release|Mixed Platforms
		Release|x64 = Release|x64
		Release|x86 = Release|x86
	EndGlobalSection
	GlobalSection(ProjectConfigurationPlatforms) = postSolution
		{DB1CE585-20A1-497D-9B67-BDEFDCB59755}.Debug|Any CPU.ActiveCfg = Debug|Any CPU
		{DB1CE585-20A1-497D-9B67-BDEFDCB59755}.Debug|Any CPU.Build.0 = Debug|Any CPU
		{DB1CE585-20A1-497D-9B67-BDEFDCB59755}.Debug|Mixed Platforms.ActiveCfg = Debug|x86
		{DB1CE585-20A1-497D-9B67-BDEFDCB59755}.Debug|Mixed Platforms.Build.0 = Debug|x86
		{DB1CE585-20A1-497D-9B67-BDEFDCB59755}.Debug|x64.ActiveCfg = Debug|x64
		{DB1CE585-20A1-497D-9B67-BDEFDCB59755}.Debug|x64.Build.0 = Debug|x64
		{DB1CE585-20A1-497D-9B67-BDEFDCB59755}.Debug|x86.ActiveCfg = Debug|x86
		{DB1CE585-20A1-497D-9B67-BDEFDCB59755}.Debug|x86.Build.0 = Debug|x86
		{DB1CE585-20A1-497D-9B67-BDEFDCB59755}.Release|Any CPU.ActiveCfg = Release|Any CPU
		{DB1CE585-20A1-497D-9B67-BDEFDCB59755}.Release|Any CPU.Build.0 = Release|Any CPU
		{DB1CE585-20A1-497D-9B67-BDEFDCB59755}.Release|Mixed Platforms.ActiveCfg = Release|x86
		{DB1CE585-20A1-497D-9B67-BDEFDCB59755}.Release|Mixed Platforms.Build.0 = Release|x86
		{DB1CE585-20A1-497D-9B67-BDEFDCB59755}.Release|x64.ActiveCfg = Release|x64
		{DB1CE585-20A1-497D-9B67-BDEFDCB59755}.Release|x64.Build.0 = Release|x64
		{DB1CE585-20A1-497D-9B67-BDEFDCB59755}.Release|x86.ActiveCfg = Release|x86
		{DB1CE585-20A1-497D-9B67-BDEFDCB59755}.Release|x86.Build.0 = Release|x86
		{9E8BB8DF-3939-4404-A7D2-0B36F47F1F64}.Debug|Any CPU.ActiveCfg = Debug|Any CPU
		{9E8BB8DF-3939-4404-A7D2-0B36F47F1F64}.Debug|Any CPU.Build.0 = Debug|Any CPU
		{9E8BB8DF-3939-4404-A7D2-0B36F47F1F64}.Debug|Mixed Platforms.ActiveCfg = Debug|x86
		{9E8BB8DF-3939-4404-A7D2-0B36F47F1F64}.Debug|Mixed Platforms.Build.0 = Debug|x86
		{9E8BB8DF-3939-4404-A7D2-0B36F47F1F64}.Debug|x64.ActiveCfg = Debug|x64
		{9E8BB8DF-3939-4404-A7D2-0B36F47F1F64}.Debug|x64.Build.0 = Debug|x64
		{9E8BB8DF-3939-4404-A7D2-0B36F47F1F64}.Debug|x86.ActiveCfg = Debug|x86
		{9E8BB8DF-3939-4404-A7D2-0B36F47F1F64}.Debug|x86.Build.0 = Debug|x86
		{9E8BB8DF-3939-4404-A7D2-0B36F47F1F64}.Release|Any CPU.ActiveCfg = Release|Any CPU
		{9E8BB8DF-3939-4404-A7D2-0B36F47F1F64}.Release|Any CPU.Build.0 = Release|Any CPU
		{9E8BB8DF-3939-4404-A7D2-0B36F47F1F64}.Release|Mixed Platforms.ActiveCfg = Release|x86
		{9E8BB8DF-3939-4404-A7D2-0B36F47F1F64}.Release|Mixed Platforms.Build.0 = Release|x86
		{9E8BB8DF-3939-4404-A7D2-0B36F47F1F64}.Release|x64.ActiveCfg = Release|x64
		{9E8BB8DF-3939-4404-A7D2-0B36F47F1F64}.Release|x64.Build.0 = Release|x64
		{9E8BB8DF-3939-4404-A7D2-0B36F47F1F64}.Release|x86.ActiveCfg = Release|x86
		{9E8BB8DF-3939-4404-A7D2-0B36F47F1F64}.Release|x86.Build.0 = Release|x86
		{41C091E9-FC0A-4462-B2ED-C2E23F518C15}.Debug|Any CPU.ActiveCfg = Debug|Any CPU
		{41C091E9-FC0A-4462-B2ED-C2E23F518C15}.Debug|Any CPU.Build.0 = Debug|Any CPU
		{41C091E9-FC0A-4462-B2ED-C2E23F518C15}.Debug|Mixed Platforms.ActiveCfg = Debug|Any CPU
		{41C091E9-FC0A-4462-B2ED-C2E23F518C15}.Debug|Mixed Platforms.Build.0 = Debug|Any CPU
		{41C091E9-FC0A-4462-B2ED-C2E23F518C15}.Debug|x64.ActiveCfg = Debug|Any CPU
		{41C091E9-FC0A-4462-B2ED-C2E23F518C15}.Debug|x86.ActiveCfg = Debug|Any CPU
		{41C091E9-FC0A-4462-B2ED-C2E23F518C15}.Release|Any CPU.ActiveCfg = Release|Any CPU
		{41C091E9-FC0A-4462-B2ED-C2E23F518C15}.Release|Any CPU.Build.0 = Release|Any CPU
		{41C091E9-FC0A-4462-B2ED-C2E23F518C15}.Release|Mixed Platforms.ActiveCfg = Release|Any CPU
		{41C091E9-FC0A-4462-B2ED-C2E23F518C15}.Release|Mixed Platforms.Build.0 = Release|Any CPU
		{41C091E9-FC0A-4462-B2ED-C2E23F518C15}.Release|x64.ActiveCfg = Release|Any CPU
		{41C091E9-FC0A-4462-B2ED-C2E23F518C15}.Release|x86.ActiveCfg = Release|Any CPU
		{E16A4B28-A77D-49B2-B6AF-656FBE3A96E8}.Debug|Any CPU.ActiveCfg = Debug|x86
		{E16A4B28-A77D-49B2-B6AF-656FBE3A96E8}.Debug|Mixed Platforms.ActiveCfg = Debug|x86
		{E16A4B28-A77D-49B2-B6AF-656FBE3A96E8}.Debug|Mixed Platforms.Build.0 = Debug|x86
		{E16A4B28-A77D-49B2-B6AF-656FBE3A96E8}.Debug|x64.ActiveCfg = Debug|x86
		{E16A4B28-A77D-49B2-B6AF-656FBE3A96E8}.Debug|x86.ActiveCfg = Debug|x86
		{E16A4B28-A77D-49B2-B6AF-656FBE3A96E8}.Debug|x86.Build.0 = Debug|x86
		{E16A4B28-A77D-49B2-B6AF-656FBE3A96E8}.Release|Any CPU.ActiveCfg = Release|x86
		{E16A4B28-A77D-49B2-B6AF-656FBE3A96E8}.Release|Mixed Platforms.ActiveCfg = Release|x86
		{E16A4B28-A77D-49B2-B6AF-656FBE3A96E8}.Release|Mixed Platforms.Build.0 = Release|x86
		{E16A4B28-A77D-49B2-B6AF-656FBE3A96E8}.Release|x64.ActiveCfg = Release|x86
		{E16A4B28-A77D-49B2-B6AF-656FBE3A96E8}.Release|x86.ActiveCfg = Release|x86
		{E16A4B28-A77D-49B2-B6AF-656FBE3A96E8}.Release|x86.Build.0 = Release|x86
	EndGlobalSection
	GlobalSection(SolutionProperties) = preSolution
		HideSolutionNode = FALSE
	EndGlobalSection
EndGlobal
